<?xml version="1.0" encoding="utf-8"?>
<Project ToolsVersion="4.0" xmlns="http://schemas.microsoft.com/developer/msbuild/2003">
  <ItemGroup>
    <Filter Include="Source Files">
      <UniqueIdentifier>{4FC737F1-C7A5-4376-A066-2A32D752A2FF}</UniqueIdentifier>
      <Extensions>cpp;c;cc;cxx;c++;cppm;ixx;def;odl;idl;hpj;bat;asm;asmx</Extensions>
    </Filter>
    <Filter Include="Header Files">
      <UniqueIdentifier>{93995380-89BD-4b04-88EB-625FBE52EBFB}</UniqueIdentifier>
      <Extensions>h;hh;hpp;hxx;h++;hm;inl;inc;ipp;xsd</Extensions>
    </Filter>
    <Filter Include="Resource Files">
      <UniqueIdentifier>{67DA6AB6-F800-4c08-8B7A-83BB121AAD01}</UniqueIdentifier>
      <Extensions>rc;ico;cur;bmp;dlg;rc2;rct;bin;rgs;gif;jpg;jpeg;jpe;resx;tiff;tif;png;wav;mfcribbon-ms</Extensions>
    </Filter>
    <Filter Include="Core">
      <UniqueIdentifier>{80b641bf-c0d9-42dd-ae5d-0275e0d3a542}</UniqueIdentifier>
    </Filter>
    <Filter Include="ImGui">
      <UniqueIdentifier>{083a5704-996d-4e7a-9fb7-a59e7deceb24}</UniqueIdentifier>
    </Filter>
    <Filter Include="Render">
      <UniqueIdentifier>{9ca22222-30f0-4b5d-b082-2cd841d4f9dc}</UniqueIdentifier>
    </Filter>
    <Filter Include="Render\Templates">
      <UniqueIdentifier>{dc49790b-34ec-4e37-8953-bb236d8f741d}</UniqueIdentifier>
    </Filter>
    <Filter Include="UI">
      <UniqueIdentifier>{713f0ca0-0940-4809-95eb-8a5323b41567}</UniqueIdentifier>
    </Filter>
    <Filter Include="Render\Model">
      <UniqueIdentifier>{4e8fc7c7-a461-4c42-b120-dd3c9f18a9e3}</UniqueIdentifier>
    </Filter>
    <Filter Include="Core\Log">
      <UniqueIdentifier>{da4bb0c8-7604-40c7-b18b-c7eb78ca9761}</UniqueIdentifier>
    </Filter>
    <Filter Include="Render\Assimp">
      <UniqueIdentifier>{239cbb8d-f7ef-4554-885d-e0b336ca4f0e}</UniqueIdentifier>
    </Filter>
    <Filter Include="Render\Model\OGF">
      <UniqueIdentifier>{46c727b0-72ed-40e7-9e90-08c4f78d143b}</UniqueIdentifier>
    </Filter>
    <Filter Include="ImGui\ImGuizmo">
      <UniqueIdentifier>{e8135c9b-1816-426b-b01a-8fd919e0f857}</UniqueIdentifier>
    </Filter>
    <Filter Include="Render\Model\OGF\Reader">
      <UniqueIdentifier>{702be6b8-52de-4341-8bd0-e55e28d60996}</UniqueIdentifier>
    </Filter>
    <Filter Include="Render\Model\OGF\Writer">
      <UniqueIdentifier>{7ce63005-af9d-46a2-969b-d3a7db4fac2b}</UniqueIdentifier>
    </Filter>
    <Filter Include="Render\RQ">
      <UniqueIdentifier>{00f808f9-58bb-404d-8cae-4be8ee8ecefd}</UniqueIdentifier>
    </Filter>
  </ItemGroup>
  <ItemGroup>
    <ClInclude Include="src\Core\OGF_SDK.h">
      <Filter>Core</Filter>
    </ClInclude>
    <ClInclude Include="src\Render\CHW.h">
      <Filter>Render</Filter>
    </ClInclude>
    <ClInclude Include="src\_defines.h">
      <Filter>Header Files</Filter>
    </ClInclude>
    <ClInclude Include="src\Render\Templates\ConstantBuffer.h">
      <Filter>Render\Templates</Filter>
    </ClInclude>
    <ClInclude Include="src\Render\Templates\FullScreenQuad.h">
      <Filter>Render\Templates</Filter>
    </ClInclude>
    <ClInclude Include="src\Render\Templates\RenderTarget.h">
      <Filter>Render\Templates</Filter>
    </ClInclude>
    <ClInclude Include="src\Render\CRenderer.h">
      <Filter>Render</Filter>
    </ClInclude>
    <ClInclude Include="src\UI\CUIMain.h">
      <Filter>UI</Filter>
    </ClInclude>
    <ClInclude Include="src\Core\CLog.h">
      <Filter>Core\Log</Filter>
    </ClInclude>
    <ClInclude Include="src\Render\Templates\CShader.h">
      <Filter>Render\Templates</Filter>
    </ClInclude>
    <ClInclude Include="src\Render\Model\CMesh.h">
      <Filter>Render\Model</Filter>
    </ClInclude>
    <ClInclude Include="src\Render\Model\CModel.h">
      <Filter>Render\Model</Filter>
    </ClInclude>
    <ClInclude Include="src\Render\Model\CMotion.h">
      <Filter>Render\Model</Filter>
    </ClInclude>
    <ClInclude Include="src\Render\Model\CSkeleton.h">
      <Filter>Render\Model</Filter>
    </ClInclude>
    <ClInclude Include="src\Render\AssimpHelper\AssimpFunctions.h">
      <Filter>Render\Assimp</Filter>
    </ClInclude>
    <ClInclude Include="src\Core\CCamera.h">
      <Filter>Core</Filter>
    </ClInclude>
    <ClInclude Include="src\Render\CDebugRenderer.h">
      <Filter>Render</Filter>
    </ClInclude>
    <ClInclude Include="src\resource.h">
      <Filter>Header Files</Filter>
    </ClInclude>
    <ClInclude Include="src\Render\CShaderContainer.h">
      <Filter>Render</Filter>
    </ClInclude>
    <ClInclude Include="src\Render\_render_structs.h">
      <Filter>Render</Filter>
    </ClInclude>
    <ClInclude Include="src\UI\CImGuiWindow.h">
      <Filter>UI</Filter>
    </ClInclude>
    <ClInclude Include="src\UI\CUIViewport.h">
      <Filter>UI</Filter>
    </ClInclude>
    <ClInclude Include="src\UI\CUILog.h">
      <Filter>UI</Filter>
    </ClInclude>
    <ClInclude Include="src\UI\CUISceneSettings.h">
      <Filter>UI</Filter>
    </ClInclude>
    <ClInclude Include="src\Render\CScene.h">
      <Filter>Render</Filter>
    </ClInclude>
    <ClInclude Include="src\UI\CUIScene.h">
      <Filter>UI</Filter>
    </ClInclude>
    <ClInclude Include="src\UI\CUIProperties.h">
      <Filter>UI</Filter>
    </ClInclude>
    <ClInclude Include="src\Render\Model\OGF\COgfModel.h">
      <Filter>Render\Model\OGF</Filter>
    </ClInclude>
    <ClInclude Include="src\Render\Model\OGF\ogf_format.h">
      <Filter>Render\Model\OGF</Filter>
    </ClInclude>
    <ClInclude Include="src\Core\CSettings.h">
      <Filter>Core</Filter>
    </ClInclude>
    <ClInclude Include="src\Core\CFileDialog.h">
      <Filter>Core</Filter>
    </ClInclude>
    <ClInclude Include="src\Render\Templates\CTexture.h">
      <Filter>Render\Templates</Filter>
    </ClInclude>
    <ClInclude Include="src\Render\Model\OGF\COgfChunkedReader.h">
      <Filter>Render\Model\OGF\Reader</Filter>
    </ClInclude>
    <ClInclude Include="src\Render\Model\OGF\COgfLoader.h">
      <Filter>Render\Model\OGF\Reader</Filter>
    </ClInclude>
    <ClInclude Include="src\Render\Model\OGF\COgfChunkWriter.h">
      <Filter>Render\Model\OGF\Writer</Filter>
    </ClInclude>
    <ClInclude Include="src\Render\Model\OGF\COgfWriter.h">
      <Filter>Render\Model\OGF\Writer</Filter>
    </ClInclude>
    <ClInclude Include="src\Render\Model\OGF\COgfLzHuf.h">
      <Filter>Render\Model\OGF</Filter>
    </ClInclude>
    <ClInclude Include="src\Render\CRayPick.h">
      <Filter>Render\RQ</Filter>
    </ClInclude>
  </ItemGroup>
  <ItemGroup>
    <ClCompile Include="src\main.cpp">
      <Filter>Source Files</Filter>
    </ClCompile>
    <ClCompile Include="src\Core\OGF_SDK.cpp">
      <Filter>Core</Filter>
    </ClCompile>
    <ClCompile Include="src\Render\CHW.cpp">
      <Filter>Render</Filter>
    </ClCompile>
    <ClCompile Include="src\Render\Templates\ConstantBuffer.cpp">
      <Filter>Render\Templates</Filter>
    </ClCompile>
    <ClCompile Include="src\Render\Templates\FullScreenQuad.cpp">
      <Filter>Render\Templates</Filter>
    </ClCompile>
    <ClCompile Include="src\Render\Templates\RenderTarget.cpp">
      <Filter>Render\Templates</Filter>
    </ClCompile>
    <ClCompile Include="src\Render\CRenderer.cpp">
      <Filter>Render</Filter>
    </ClCompile>
    <ClCompile Include="src\UI\CUIMain.cpp">
      <Filter>UI</Filter>
    </ClCompile>
    <ClCompile Include="3rd_party\imgui-docking\ImGui\imgui.cpp">
      <Filter>ImGui</Filter>
    </ClCompile>
    <ClCompile Include="3rd_party\imgui-docking\ImGui\imgui_demo.cpp">
      <Filter>ImGui</Filter>
    </ClCompile>
    <ClCompile Include="3rd_party\imgui-docking\ImGui\imgui_draw.cpp">
      <Filter>ImGui</Filter>
    </ClCompile>
    <ClCompile Include="3rd_party\imgui-docking\ImGui\imgui_impl_dx11.cpp">
      <Filter>ImGui</Filter>
    </ClCompile>
    <ClCompile Include="3rd_party\imgui-docking\ImGui\imgui_impl_win32.cpp">
      <Filter>ImGui</Filter>
    </ClCompile>
    <ClCompile Include="3rd_party\imgui-docking\ImGui\imgui_tables.cpp">
      <Filter>ImGui</Filter>
    </ClCompile>
    <ClCompile Include="3rd_party\imgui-docking\ImGui\imgui_widgets.cpp">
      <Filter>ImGui</Filter>
    </ClCompile>
    <ClCompile Include="src\Core\CLog.cpp">
      <Filter>Core\Log</Filter>
    </ClCompile>
    <ClCompile Include="src\Render\Templates\CShader.cpp">
      <Filter>Render\Templates</Filter>
    </ClCompile>
    <ClCompile Include="src\Render\Model\CMesh.cpp">
      <Filter>Render\Model</Filter>
    </ClCompile>
    <ClCompile Include="src\Render\Model\CModel.cpp">
      <Filter>Render\Model</Filter>
    </ClCompile>
    <ClCompile Include="src\Render\Model\CMotion.cpp">
      <Filter>Render\Model</Filter>
    </ClCompile>
    <ClCompile Include="src\Render\Model\CSkeleton.cpp">
      <Filter>Render\Model</Filter>
    </ClCompile>
    <ClCompile Include="src\Core\CCamera.cpp">
      <Filter>Core</Filter>
    </ClCompile>
    <ClCompile Include="src\Render\CDebugRenderer.cpp">
      <Filter>Render</Filter>
    </ClCompile>
    <ClCompile Include="src\Render\CShaderContainer.cpp">
      <Filter>Render</Filter>
    </ClCompile>
    <ClCompile Include="src\UI\CImGuiWindow.cpp">
      <Filter>UI</Filter>
    </ClCompile>
    <ClCompile Include="src\UI\CUIViewport.cpp">
      <Filter>UI</Filter>
    </ClCompile>
    <ClCompile Include="src\UI\CUILog.cpp">
      <Filter>UI</Filter>
    </ClCompile>
    <ClCompile Include="src\UI\CUISceneSettings.cpp">
      <Filter>UI</Filter>
    </ClCompile>
    <ClCompile Include="src\Render\CScene.cpp">
      <Filter>Render</Filter>
    </ClCompile>
    <ClCompile Include="src\UI\CUIScene.cpp">
      <Filter>UI</Filter>
    </ClCompile>
    <ClCompile Include="src\UI\CUIProperties.cpp">
      <Filter>UI</Filter>
    </ClCompile>
    <ClCompile Include="3rd_party\ImGuizmo\ImGuizmo.cpp">
      <Filter>ImGui\ImGuizmo</Filter>
    </ClCompile>
    <ClCompile Include="src\Core\CFileDialog.cpp">
      <Filter>Core</Filter>
    </ClCompile>
    <ClCompile Include="src\Render\Templates\CTexture.cpp">
      <Filter>Render\Templates</Filter>
    </ClCompile>
    <ClCompile Include="src\Core\CSettings.cpp">
      <Filter>Core</Filter>
    </ClCompile>
    <ClCompile Include="src\Render\Model\OGF\COgfChunkedReader.cpp">
      <Filter>Render\Model\OGF\Reader</Filter>
    </ClCompile>
    <ClCompile Include="src\Render\Model\OGF\COgfLoader.cpp">
      <Filter>Render\Model\OGF\Reader</Filter>
    </ClCompile>
    <ClCompile Include="src\Render\Model\OGF\COgfChunkWriter.cpp">
      <Filter>Render\Model\OGF\Writer</Filter>
    </ClCompile>
    <ClCompile Include="src\Render\Model\OGF\COgfWriter.cpp">
      <Filter>Render\Model\OGF\Writer</Filter>
    </ClCompile>
    <ClCompile Include="src\Render\Model\OGF\COgfLzHuf.cpp">
      <Filter>Render\Model\OGF</Filter>
    </ClCompile>
    <ClCompile Include="src\Render\CRayPick.cpp">
      <Filter>Render\RQ</Filter>
    </ClCompile>
  </ItemGroup>
  <ItemGroup>
    <ResourceCompile Include="src\resource.rc">
      <Filter>Resource Files</Filter>
    </ResourceCompile>
  </ItemGroup>
</Project>